
Microsoft Visual Studio Solution File, Format Version 12.00
# Visual Studio 14
VisualStudioVersion = 14.0.25420.1
MinimumVisualStudioVersion = 10.0.40219.1
Project("{FAE04EC0-301F-11D3-BF4B-00C04F79EFBC}") = "WpfApplication1", "WpfApplication1\WpfApplication1.csproj", "{955C502A-8802-486B-ACCC-FC74BDD3EF8A}"
EndProject
Project("{FAE04EC0-301F-11D3-BF4B-00C04F79EFBC}") = "CopyFiles", "CopyFiles\CopyFiles.csproj", "{BBDF7FFB-D08F-477F-9E4F-CF2B1317B179}"
EndProject
Global
	GlobalSection(SolutionConfigurationPlatforms) = preSolution
		Debug|Any CPU = Debug|Any CPU
		Release|Any CPU = Release|Any CPU
	EndGlobalSection
	GlobalSection(ProjectConfigurationPlatforms) = postSolution
		{955C502A-8802-486B-ACCC-FC74BDD3EF8A}.Debug|Any CPU.ActiveCfg = Debug|Any CPU
		{955C502A-8802-486B-ACCC-FC74BDD3EF8A}.Debug|Any CPU.Build.0 = Debug|Any CPU
		{955C502A-8802-486B-ACCC-FC74BDD3EF8A}.Release|Any CPU.ActiveCfg = Release|Any CPU
		{955C502A-8802-486B-ACCC-FC74BDD3EF8A}.Release|Any CPU.Build.0 = Release|Any CPU
		{BBDF7FFB-D08F-477F-9E4F-CF2B1317B179}.Debug|Any CPU.ActiveCfg = Debug|Any CPU
		{BBDF7FFB-D08F-477F-9E4F-CF2B1317B179}.Debug|Any CPU.Build.0 = Debug|Any CPU
		{BBDF7FFB-D08F-477F-9E4F-CF2B1317B179}.Release|Any CPU.ActiveCfg = Release|Any CPU
		{BBDF7FFB-D08F-477F-9E4F-CF2B1317B179}.Release|Any CPU.Build.0 = Release|Any CPU
	EndGlobalSection
	GlobalSection(SolutionProperties) = preSolution
		HideSolutionNode = FALSE
	EndGlobalSection
EndGlobal
